
Microsoft Visual Studio Solution File, Format Version 12.00
# Visual Studio Version 16
VisualStudioVersion = 16.0.29613.14
MinimumVisualStudioVersion = 10.0.40219.1
Project("{8BC9CEB8-8B4A-11D0-8D11-00A0C91BC942}") = "Tetri", "Tetri\Tetri.vcxproj", "{414E9D33-8DAB-4B4A-9F4A-D97F50772EFB}"
EndProject
Global
	GlobalSection(SolutionConfigurationPlatforms) = preSolution
		Debug|x64 = Debug|x64
		Debug|x86 = Debug|x86
		Release|x64 = Release|x64
		Release|x86 = Release|x86
	EndGlobalSection
	GlobalSection(ProjectConfigurationPlatforms) = postSolution
		{414E9D33-8DAB-4B4A-9F4A-D97F50772EFB}.Debug|x64.ActiveCfg = Debug|x64
		{414E9D33-8DAB-4B4A-9F4A-D97F50772EFB}.Debug|x64.Build.0 = Debug|x64
		{414E9D33-8DAB-4B4A-9F4A-D97F50772EFB}.Debug|x86.ActiveCfg = Debug|Win32
		{414E9D33-8DAB-4B4A-9F4A-D97F50772EFB}.Debug|x86.Build.0 = Debug|Win32
		{414E9D33-8DAB-4B4A-9F4A-D97F50772EFB}.Release|x64.ActiveCfg = Release|x64
		{414E9D33-8DAB-4B4A-9F4A-D97F50772EFB}.Release|x64.Build.0 = Release|x64
		{414E9D33-8DAB-4B4A-9F4A-D97F50772EFB}.Release|x86.ActiveCfg = Release|Win32
		{414E9D33-8DAB-4B4A-9F4A-D97F50772EFB}.Release|x86.Build.0 = Release|Win32
	EndGlobalSection
	GlobalSection(SolutionProperties) = preSolution
		HideSolutionNode = FALSE
	EndGlobalSection
	GlobalSection(ExtensibilityGlobals) = postSolution
		SolutionGuid = {3BA9D9EB-1188-46DC-B7D5-9A33B7FDBAB2}
	EndGlobalSection
EndGlobal
